# This file is autogenerated, do not edit; changes may be undone by the next 'dep ensure'.


[[projects]]
  name = "github.com/davecgh/go-spew"
  packages = ["spew"]
  revision = "346938d642f2ec3594ed81d874461961cd0faa76"
  version = "v1.1.0"

[[projects]]
  name = "github.com/gin-gonic/gin"
  packages = [
    ".",
    "binding",
    "render"
  ]
  revision = "50e7e427300a7eeeb299a4cd5bc1ebfa04d48528"
  version = "v0.5"

[[projects]]
  name = "github.com/julienschmidt/httprouter"
  packages = ["."]
  revision = "8c199fb6259ffc1af525cc3ad52ee60ba8359669"
  version = "v1.1"

[[projects]]
  name = "github.com/pmezard/go-difflib"
  packages = ["difflib"]
  revision = "792786c7400a136282c1664665ae0a8db921c6c2"
  version = "v1.0.0"

[[projects]]
  name = "github.com/stretchr/testify"
  packages = ["assert"]
  revision = "12b6f73e6084dad08a7c6e575284b177ecafbc71"
  version = "v1.2.1"

[[projects]]
  branch = "master"
  name = "github.com/thinkerou/favicon"
  packages = ["."]
  revision = "94a442a49da6e2d44bdd5e0d2e2e185c43a19d93"

[solve-meta]
  analyzer-name = "dep"
  analyzer-version = 1
  inputs-digest = "22961077716089cf05f6a0ceb08dedc042b312bcd7c20871fec86b31f94671b7"
  solver-name = "gps-cdcl"
  solver-version = 1
